
Microsoft Visual Studio Solution File, Format Version 12.00
# Visual Studio Version 16
VisualStudioVersion = 16.0.31205.134
MinimumVisualStudioVersion = 10.0.40219.1
Project("{FAE04EC0-301F-11D3-BF4B-00C04F79EFBC}") = "Projekt", "Projekt\Projekt.csproj", "{8709D393-8364-4735-B049-D3280F3A9D30}"
EndProject
Global
	GlobalSection(SolutionConfigurationPlatforms) = preSolution
		Debug|Any CPU = Debug|Any CPU
		Release|Any CPU = Release|Any CPU
	EndGlobalSection
	GlobalSection(ProjectConfigurationPlatforms) = postSolution
		{8709D393-8364-4735-B049-D3280F3A9D30}.Debug|Any CPU.ActiveCfg = Debug|Any CPU
		{8709D393-8364-4735-B049-D3280F3A9D30}.Debug|Any CPU.Build.0 = Debug|Any CPU
		{8709D393-8364-4735-B049-D3280F3A9D30}.Release|Any CPU.ActiveCfg = Release|Any CPU
		{8709D393-8364-4735-B049-D3280F3A9D30}.Release|Any CPU.Build.0 = Release|Any CPU
	EndGlobalSection
	GlobalSection(SolutionProperties) = preSolution
		HideSolutionNode = FALSE
	EndGlobalSection
	GlobalSection(ExtensibilityGlobals) = postSolution
		SolutionGuid = {8009B9A9-3DD2-4510-8961-998D75572C07}
	EndGlobalSection
EndGlobal
